
Microsoft Visual Studio Solution File, Format Version 12.00
# Visual Studio Version 17
VisualStudioVersion = 17.5.33424.131
MinimumVisualStudioVersion = 10.0.40219.1
Project("{2150E333-8FDC-42A3-9474-1A3956D46DE8}") = "Solution Items", "Solution Items", "{6DDA0A46-BEB6-4EE1-88D6-C22A05919C9B}"
	ProjectSection(SolutionItems) = preProject
		.gitattributes = .gitattributes
		.gitignore = .gitignore
		.tfignore = .tfignore
		LICENSE = LICENSE
		README.md = README.md
		_config.yml = _config.yml
	EndProjectSection
EndProject
Project("{9A19103F-16F7-4668-BE54-9A1E7A4F7556}") = "Jetstream.ServiceBase", "Jetstream.ServiceBase\Jetstream.ServiceBase.csproj", "{55DA7864-736B-46EB-9106-3CB16B8AA46C}"
EndProject
Project("{9A19103F-16F7-4668-BE54-9A1E7A4F7556}") = "Jetstream.ServiceBase.Tests", "Jetstream.ServiceBase.Tests\Jetstream.ServiceBase.Tests.csproj", "{2519D327-D36A-42A9-BC9F-D4C449AC1512}"
EndProject
Global
	GlobalSection(SolutionConfigurationPlatforms) = preSolution
		Debug|Any CPU = Debug|Any CPU
		Release|Any CPU = Release|Any CPU
	EndGlobalSection
	GlobalSection(ProjectConfigurationPlatforms) = postSolution
		{55DA7864-736B-46EB-9106-3CB16B8AA46C}.Debug|Any CPU.ActiveCfg = Debug|Any CPU
		{55DA7864-736B-46EB-9106-3CB16B8AA46C}.Debug|Any CPU.Build.0 = Debug|Any CPU
		{55DA7864-736B-46EB-9106-3CB16B8AA46C}.Release|Any CPU.ActiveCfg = Release|Any CPU
		{55DA7864-736B-46EB-9106-3CB16B8AA46C}.Release|Any CPU.Build.0 = Release|Any CPU
		{2519D327-D36A-42A9-BC9F-D4C449AC1512}.Debug|Any CPU.ActiveCfg = Debug|Any CPU
		{2519D327-D36A-42A9-BC9F-D4C449AC1512}.Debug|Any CPU.Build.0 = Debug|Any CPU
		{2519D327-D36A-42A9-BC9F-D4C449AC1512}.Release|Any CPU.ActiveCfg = Release|Any CPU
		{2519D327-D36A-42A9-BC9F-D4C449AC1512}.Release|Any CPU.Build.0 = Release|Any CPU
	EndGlobalSection
	GlobalSection(SolutionProperties) = preSolution
		HideSolutionNode = FALSE
	EndGlobalSection
	GlobalSection(ExtensibilityGlobals) = postSolution
		SolutionGuid = {32858415-B315-4504-9E40-0D73E2AE340E}
	EndGlobalSection
	GlobalSection(TeamFoundationVersionControl) = preSolution
		SccNumberOfProjects = 3
		SccEnterpriseProvider = {4CA58AB2-18FA-4F8D-95D4-32DDF27D184C}
		SccTeamFoundationServer = https://dev.azure.com/tersosolutions
		SccLocalPath0 = .
		SccProjectUniqueName1 = Jetstream.ServiceBase\\Jetstream.ServiceBase.csproj
		SccProjectName1 = Jetstream.ServiceBase
		SccLocalPath1 = Jetstream.ServiceBase
		SccProjectUniqueName2 = Jetstream.ServiceBase.Tests\\Jetstream.ServiceBase.Tests.csproj
		SccProjectName2 = Jetstream.ServiceBase.Tests
		SccLocalPath2 = Jetstream.ServiceBase.Tests
	EndGlobalSection
EndGlobal
