
Microsoft Visual Studio Solution File, Format Version 12.00
# Visual Studio 2013
VisualStudioVersion = 12.0.40629.0
MinimumVisualStudioVersion = 10.0.40219.1
Project("{FAE04EC0-301F-11D3-BF4B-00C04F79EFBC}") = "Jetstream.ServiceBase", "..\Jetstream.ServiceBase\Jetstream.ServiceBase.csproj", "{03FE180C-0C30-4725-A99C-14B875043F0E}"
EndProject
Project("{FAE04EC0-301F-11D3-BF4B-00C04F79EFBC}") = "Jetstream.ServiceBase.Tests", "..\Jetstream.ServiceBase.Tests\Jetstream.ServiceBase.Tests.csproj", "{05952415-C84B-49E0-A6EB-A3446BCFE852}"
EndProject
Global
	GlobalSection(SolutionConfigurationPlatforms) = preSolution
		Debug|Any CPU = Debug|Any CPU
		Release|Any CPU = Release|Any CPU
	EndGlobalSection
	GlobalSection(ProjectConfigurationPlatforms) = postSolution
		{03FE180C-0C30-4725-A99C-14B875043F0E}.Debug|Any CPU.ActiveCfg = Debug|Any CPU
		{03FE180C-0C30-4725-A99C-14B875043F0E}.Debug|Any CPU.Build.0 = Debug|Any CPU
		{03FE180C-0C30-4725-A99C-14B875043F0E}.Release|Any CPU.ActiveCfg = Release|Any CPU
		{03FE180C-0C30-4725-A99C-14B875043F0E}.Release|Any CPU.Build.0 = Release|Any CPU
		{05952415-C84B-49E0-A6EB-A3446BCFE852}.Debug|Any CPU.ActiveCfg = Debug|Any CPU
		{05952415-C84B-49E0-A6EB-A3446BCFE852}.Debug|Any CPU.Build.0 = Debug|Any CPU
		{05952415-C84B-49E0-A6EB-A3446BCFE852}.Release|Any CPU.ActiveCfg = Release|Any CPU
		{05952415-C84B-49E0-A6EB-A3446BCFE852}.Release|Any CPU.Build.0 = Release|Any CPU
	EndGlobalSection
	GlobalSection(SolutionProperties) = preSolution
		HideSolutionNode = FALSE
	EndGlobalSection
EndGlobal
